{
  "version": "3",
  "packages": {
    "specifiers": {
      "jsr:@artpani/tuner@^0.0.9": "jsr:@artpani/tuner@0.0.9",
      "jsr:@std/fmt@0.224.0": "jsr:@std/fmt@0.224.0",
      "jsr:@std/fs@^1.0.0": "jsr:@std/fs@1.0.0",
      "jsr:@std/path@^1.0.2": "jsr:@std/path@1.0.2",
      "jsr:@vseplet/luminous@^1.0.5": "jsr:@vseplet/luminous@1.0.5"
    },
    "jsr": {
      "@artpani/tuner@0.0.9": {
        "integrity": "fd0d56f38abd9c2562c8f3cfe93a1a470a55784398ecb48c5feeb3cc93ea0484",
        "dependencies": [
          "jsr:@std/fs@^1.0.0",
          "jsr:@std/path@^1.0.2",
          "jsr:@vseplet/luminous@^1.0.5"
        ]
      },
      "@std/fmt@0.224.0": {
        "integrity": "e20e9a2312a8b5393272c26191c0a68eda8d2c4b08b046bad1673148f1d69851"
      },
      "@std/fs@1.0.0": {
        "integrity": "d72e4a125af7168d717a2ed1dca77a728b422b0d138fd20579e3fa41a77da943",
        "dependencies": [
          "jsr:@std/path@^1.0.2"
        ]
      },
      "@std/path@1.0.2": {
        "integrity": "a452174603f8c620bd278a380c596437a9eef50c891c64b85812f735245d9ec7"
      },
      "@vseplet/luminous@1.0.5": {
        "integrity": "26625020f4d9e7d510b35cae15f61c5de42a1eded2fe5c2a3aa0dc2699412235",
        "dependencies": [
          "jsr:@std/fmt@0.224.0"
        ]
      }
    }
  },
  "redirects": {
    "https://deno.land/std/http/server.ts": "https://deno.land/std@0.163.0/http/server.ts"
  },
  "remote": {
    "https://deno.land/std@0.163.0/async/abortable.ts": "87aa7230be8360c24ad437212311c9e8d4328854baec27b4c7abb26e85515c06",
    "https://deno.land/std@0.163.0/async/deadline.ts": "48ac998d7564969f3e6ec6b6f9bf0217ebd00239b1b2292feba61272d5dd58d0",
    "https://deno.land/std@0.163.0/async/debounce.ts": "dc8b92d4a4fe7eac32c924f2b8d3e62112530db70cadce27042689d82970b350",
    "https://deno.land/std@0.163.0/async/deferred.ts": "d8fb253ffde2a056e4889ef7e90f3928f28be9f9294b6505773d33f136aab4e6",
    "https://deno.land/std@0.163.0/async/delay.ts": "0419dfc993752849692d1f9647edf13407c7facc3509b099381be99ffbc9d699",
    "https://deno.land/std@0.163.0/async/mod.ts": "dd0a8ed4f3984ffabe2fcca7c9f466b7932d57b1864ffee148a5d5388316db6b",
    "https://deno.land/std@0.163.0/async/mux_async_iterator.ts": "3447b28a2a582224a3d4d3596bccbba6e85040da3b97ed64012f7decce98d093",
    "https://deno.land/std@0.163.0/async/pool.ts": "ef9eb97b388543acbf0ac32647121e4dbe629236899586c4d4311a8770fbb239",
    "https://deno.land/std@0.163.0/async/tee.ts": "9af3a3e7612af75861308b52249e167f5ebc3dcfc8a1a4d45462d96606ee2b70",
    "https://deno.land/std@0.163.0/http/server.ts": "e99c1bee8a3f6571ee4cdeb2966efad465b8f6fe62bec1bdb59c1f007cc4d155"
  },
  "workspace": {
    "dependencies": [
      "jsr:@artpani/tuner@^0.0.9"
    ]
  }
}
